
Microsoft Visual Studio Solution File, Format Version 12.00
Project("{FAE04EC0-301F-11D3-BF4B-00C04F79EFBC}") = "ClickForge.Console", "ClickForge.Console\ClickForge.Console.csproj", "{CF2A9A5A-EC65-478E-9FF6-68B23DD89AE8}"
EndProject
Project("{FAE04EC0-301F-11D3-BF4B-00C04F79EFBC}") = "ClickForge.Models", "ClickForge.Models\ClickForge.Models.csproj", "{F9560054-ED9F-432D-BFBE-B28D9050753F}"
EndProject
Global
	GlobalSection(SolutionConfigurationPlatforms) = preSolution
		Debug|Any CPU = Debug|Any CPU
		Release|Any CPU = Release|Any CPU
	EndGlobalSection
	GlobalSection(ProjectConfigurationPlatforms) = postSolution
		{CF2A9A5A-EC65-478E-9FF6-68B23DD89AE8}.Debug|Any CPU.ActiveCfg = Debug|Any CPU
		{CF2A9A5A-EC65-478E-9FF6-68B23DD89AE8}.Debug|Any CPU.Build.0 = Debug|Any CPU
		{CF2A9A5A-EC65-478E-9FF6-68B23DD89AE8}.Release|Any CPU.ActiveCfg = Release|Any CPU
		{CF2A9A5A-EC65-478E-9FF6-68B23DD89AE8}.Release|Any CPU.Build.0 = Release|Any CPU
		{F9560054-ED9F-432D-BFBE-B28D9050753F}.Debug|Any CPU.ActiveCfg = Debug|Any CPU
		{F9560054-ED9F-432D-BFBE-B28D9050753F}.Debug|Any CPU.Build.0 = Debug|Any CPU
		{F9560054-ED9F-432D-BFBE-B28D9050753F}.Release|Any CPU.ActiveCfg = Release|Any CPU
		{F9560054-ED9F-432D-BFBE-B28D9050753F}.Release|Any CPU.Build.0 = Release|Any CPU
	EndGlobalSection
EndGlobal
